
Microsoft Visual Studio Solution File, Format Version 12.00
# Visual Studio Version 16
VisualStudioVersion = 16.0.30907.101
MinimumVisualStudioVersion = 10.0.40219.1
Project("{FAE04EC0-301F-11D3-BF4B-00C04F79EFBC}") = "ProgrammaLetturaFile", "ProgrammaLetturaFile\ProgrammaLetturaFile.csproj", "{E1860CC9-C044-4105-9DF4-2F46EB994753}"
EndProject
Global
	GlobalSection(SolutionConfigurationPlatforms) = preSolution
		Debug|Any CPU = Debug|Any CPU
		Release|Any CPU = Release|Any CPU
	EndGlobalSection
	GlobalSection(ProjectConfigurationPlatforms) = postSolution
		{E1860CC9-C044-4105-9DF4-2F46EB994753}.Debug|Any CPU.ActiveCfg = Debug|Any CPU
		{E1860CC9-C044-4105-9DF4-2F46EB994753}.Debug|Any CPU.Build.0 = Debug|Any CPU
		{E1860CC9-C044-4105-9DF4-2F46EB994753}.Release|Any CPU.ActiveCfg = Release|Any CPU
		{E1860CC9-C044-4105-9DF4-2F46EB994753}.Release|Any CPU.Build.0 = Release|Any CPU
	EndGlobalSection
	GlobalSection(SolutionProperties) = preSolution
		HideSolutionNode = FALSE
	EndGlobalSection
	GlobalSection(ExtensibilityGlobals) = postSolution
		SolutionGuid = {596AFD56-4D5F-477B-B89F-63A865A473A2}
	EndGlobalSection
EndGlobal
